
Microsoft Visual Studio Solution File, Format Version 12.00
Project("{FAE04EC0-301F-11D3-BF4B-00C04F79EFBC}") = "WebApi", "src\WebApi\WebApi.csproj", "{B3DBBA53-9DAA-4908-9B10-0123080E3AAC}"
EndProject
Project("{2150E333-8FDC-42A3-9474-1A3956D46DE8}") = "01. API", "01. API", "{C30EE29B-6C2A-4196-97F4-5EC41036FD4A}"
EndProject
Project("{2150E333-8FDC-42A3-9474-1A3956D46DE8}") = "02. Application", "02. Application", "{592BF683-9FDA-45C2-A7FD-E5424D2E5CE0}"
EndProject
Project("{2150E333-8FDC-42A3-9474-1A3956D46DE8}") = "04. Core", "04. Core", "{37D29061-D20C-4571-8FAE-16CF87689106}"
EndProject
Project("{2150E333-8FDC-42A3-9474-1A3956D46DE8}") = "03. Infrastructure", "03. Infrastructure", "{B43E602D-6BE5-459C-ABE4-CE9EEEA3292F}"
EndProject
Project("{2150E333-8FDC-42A3-9474-1A3956D46DE8}") = "05. Tests", "05. Tests", "{6DCB9B9B-A536-4D2E-BFB9-8126765A1B30}"
EndProject
Project("{FAE04EC0-301F-11D3-BF4B-00C04F79EFBC}") = "Application", "src\Application\Application.csproj", "{B8DBB027-8302-41AD-BA8C-2DE1E351BA85}"
EndProject
Project("{FAE04EC0-301F-11D3-BF4B-00C04F79EFBC}") = "Core", "src\Core\Core.csproj", "{CBF7EB23-FEA6-457E-A652-A27A7ECA9146}"
EndProject
Project("{FAE04EC0-301F-11D3-BF4B-00C04F79EFBC}") = "Infrastructure", "src\Infrastructure\Infrastructure.csproj", "{38EAEC98-418E-4C71-B3F1-A4A4D43CFE9A}"
EndProject
Project("{FAE04EC0-301F-11D3-BF4B-00C04F79EFBC}") = "Tests", "src\Tests\Tests\Tests.csproj", "{78DFC6AE-4993-4CE4-984A-66287D2A4332}"
EndProject
Global
	GlobalSection(SolutionConfigurationPlatforms) = preSolution
		Debug|Any CPU = Debug|Any CPU
		Release|Any CPU = Release|Any CPU
	EndGlobalSection
	GlobalSection(ProjectConfigurationPlatforms) = postSolution
		{B3DBBA53-9DAA-4908-9B10-0123080E3AAC}.Debug|Any CPU.ActiveCfg = Debug|Any CPU
		{B3DBBA53-9DAA-4908-9B10-0123080E3AAC}.Debug|Any CPU.Build.0 = Debug|Any CPU
		{B3DBBA53-9DAA-4908-9B10-0123080E3AAC}.Release|Any CPU.ActiveCfg = Release|Any CPU
		{B3DBBA53-9DAA-4908-9B10-0123080E3AAC}.Release|Any CPU.Build.0 = Release|Any CPU
		{B8DBB027-8302-41AD-BA8C-2DE1E351BA85}.Debug|Any CPU.ActiveCfg = Debug|Any CPU
		{B8DBB027-8302-41AD-BA8C-2DE1E351BA85}.Debug|Any CPU.Build.0 = Debug|Any CPU
		{B8DBB027-8302-41AD-BA8C-2DE1E351BA85}.Release|Any CPU.ActiveCfg = Release|Any CPU
		{B8DBB027-8302-41AD-BA8C-2DE1E351BA85}.Release|Any CPU.Build.0 = Release|Any CPU
		{CBF7EB23-FEA6-457E-A652-A27A7ECA9146}.Debug|Any CPU.ActiveCfg = Debug|Any CPU
		{CBF7EB23-FEA6-457E-A652-A27A7ECA9146}.Debug|Any CPU.Build.0 = Debug|Any CPU
		{CBF7EB23-FEA6-457E-A652-A27A7ECA9146}.Release|Any CPU.ActiveCfg = Release|Any CPU
		{CBF7EB23-FEA6-457E-A652-A27A7ECA9146}.Release|Any CPU.Build.0 = Release|Any CPU
		{38EAEC98-418E-4C71-B3F1-A4A4D43CFE9A}.Debug|Any CPU.ActiveCfg = Debug|Any CPU
		{38EAEC98-418E-4C71-B3F1-A4A4D43CFE9A}.Debug|Any CPU.Build.0 = Debug|Any CPU
		{38EAEC98-418E-4C71-B3F1-A4A4D43CFE9A}.Release|Any CPU.ActiveCfg = Release|Any CPU
		{38EAEC98-418E-4C71-B3F1-A4A4D43CFE9A}.Release|Any CPU.Build.0 = Release|Any CPU
		{78DFC6AE-4993-4CE4-984A-66287D2A4332}.Debug|Any CPU.ActiveCfg = Debug|Any CPU
		{78DFC6AE-4993-4CE4-984A-66287D2A4332}.Debug|Any CPU.Build.0 = Debug|Any CPU
		{78DFC6AE-4993-4CE4-984A-66287D2A4332}.Release|Any CPU.ActiveCfg = Release|Any CPU
		{78DFC6AE-4993-4CE4-984A-66287D2A4332}.Release|Any CPU.Build.0 = Release|Any CPU
	EndGlobalSection
	GlobalSection(NestedProjects) = preSolution
		{B3DBBA53-9DAA-4908-9B10-0123080E3AAC} = {C30EE29B-6C2A-4196-97F4-5EC41036FD4A}
		{B8DBB027-8302-41AD-BA8C-2DE1E351BA85} = {592BF683-9FDA-45C2-A7FD-E5424D2E5CE0}
		{CBF7EB23-FEA6-457E-A652-A27A7ECA9146} = {37D29061-D20C-4571-8FAE-16CF87689106}
		{38EAEC98-418E-4C71-B3F1-A4A4D43CFE9A} = {B43E602D-6BE5-459C-ABE4-CE9EEEA3292F}
		{78DFC6AE-4993-4CE4-984A-66287D2A4332} = {6DCB9B9B-A536-4D2E-BFB9-8126765A1B30}
	EndGlobalSection
EndGlobal
