<Solution>
  <Folder Name="/Solution Items/">
    <File Path=".dockerignore" />
    <File Path=".editorconfig" />
    <File Path=".gitignore" />
    <File Path="Directory.Build.props" />
    <File Path="Directory.Packages.props" />
    <File Path="docker-compose.yml" />
    <File Path="Dockerfile" />
    <File Path="Dockerfile.Local" />
    <File Path="global.json" />
    <File Path="nuget.config" />
    <File Path="Readme.md" />
  </Folder>
  <Folder Name="/src/" />
  <Folder Name="/src/01. API/">
    <Project Path="src/Pandatech.CleanArchitecture.Api/Pandatech.CleanArchitecture.Api.csproj" />
  </Folder>
  <Folder Name="/src/02. Application/">
    <Project Path="src/Pandatech.CleanArchitecture.Application/Pandatech.CleanArchitecture.Application.csproj" />
  </Folder>
  <Folder Name="/src/03. Infrastructure/">
    <Project Path="src/Pandatech.CleanArchitecture.Infrastructure/Pandatech.CleanArchitecture.Infrastructure.csproj" />
  </Folder>
  <Folder Name="/src/04. Core/">
    <Project Path="src/Pandatech.CleanArchitecture.Core/Pandatech.CleanArchitecture.Core.csproj" />
  </Folder>
  <Folder Name="/test/">
    <Project Path="./tests/Pandatech.CleanArchitecture.Test/Pandatech.CleanArchitecture.Test.csproj" />
  </Folder>
</Solution>
